
Microsoft Visual Studio Solution File, Format Version 12.00
Project("{FAE04EC0-301F-11D3-BF4B-00C04F79EFBC}") = "Service", "Service\Service.csproj", "{44CF63D8-9B1F-4AAB-959C-E38E87DA77BF}"
EndProject
Project("{FAE04EC0-301F-11D3-BF4B-00C04F79EFBC}") = "Infrastructure", "Infrastructure\Infrastructure.csproj", "{C5C22FD1-4713-4223-A434-AB6F6CDB7CF7}"
EndProject
Project("{FAE04EC0-301F-11D3-BF4B-00C04F79EFBC}") = "Contracts", "Contracts\Contracts.csproj", "{0E6FB3B0-9571-448B-AE6B-F27DD5DA46F3}"
EndProject
Global
	GlobalSection(SolutionConfigurationPlatforms) = preSolution
		Debug|Any CPU = Debug|Any CPU
		Release|Any CPU = Release|Any CPU
	EndGlobalSection
	GlobalSection(ProjectConfigurationPlatforms) = postSolution
		{44CF63D8-9B1F-4AAB-959C-E38E87DA77BF}.Debug|Any CPU.ActiveCfg = Debug|Any CPU
		{44CF63D8-9B1F-4AAB-959C-E38E87DA77BF}.Debug|Any CPU.Build.0 = Debug|Any CPU
		{44CF63D8-9B1F-4AAB-959C-E38E87DA77BF}.Release|Any CPU.ActiveCfg = Release|Any CPU
		{44CF63D8-9B1F-4AAB-959C-E38E87DA77BF}.Release|Any CPU.Build.0 = Release|Any CPU
		{C5C22FD1-4713-4223-A434-AB6F6CDB7CF7}.Debug|Any CPU.ActiveCfg = Debug|Any CPU
		{C5C22FD1-4713-4223-A434-AB6F6CDB7CF7}.Debug|Any CPU.Build.0 = Debug|Any CPU
		{C5C22FD1-4713-4223-A434-AB6F6CDB7CF7}.Release|Any CPU.ActiveCfg = Release|Any CPU
		{C5C22FD1-4713-4223-A434-AB6F6CDB7CF7}.Release|Any CPU.Build.0 = Release|Any CPU
		{0E6FB3B0-9571-448B-AE6B-F27DD5DA46F3}.Debug|Any CPU.ActiveCfg = Debug|Any CPU
		{0E6FB3B0-9571-448B-AE6B-F27DD5DA46F3}.Debug|Any CPU.Build.0 = Debug|Any CPU
		{0E6FB3B0-9571-448B-AE6B-F27DD5DA46F3}.Release|Any CPU.ActiveCfg = Release|Any CPU
		{0E6FB3B0-9571-448B-AE6B-F27DD5DA46F3}.Release|Any CPU.Build.0 = Release|Any CPU
	EndGlobalSection
EndGlobal
